
Microsoft Visual Studio Solution File, Format Version 12.00
# Visual Studio Version 17
VisualStudioVersion = 17.5.33414.496
MinimumVisualStudioVersion = 10.0.40219.1
Project("{FAE04EC0-301F-11D3-BF4B-00C04F79EFBC}") = "Exchange", "Exchange.csproj", "{2BB19D21-7FE3-4915-9FF4-7448795F243B}"
EndProject
Project("{FAE04EC0-301F-11D3-BF4B-00C04F79EFBC}") = "Json", "..\Json\Json.csproj", "{5C967D20-00EE-4B8D-A1B2-22C42E2C51DE}"
EndProject
Project("{FAE04EC0-301F-11D3-BF4B-00C04F79EFBC}") = "ML.NET", "..\ML.NET\ML.NET.csproj", "{D4166AEF-9E3E-441F-BB4E-DB47E119B4A0}"
EndProject
Global
	GlobalSection(SolutionConfigurationPlatforms) = preSolution
		Debug|Any CPU = Debug|Any CPU
		Debug|x64 = Debug|x64
		Release|Any CPU = Release|Any CPU
		Release|x64 = Release|x64
	EndGlobalSection
	GlobalSection(ProjectConfigurationPlatforms) = postSolution
		{2BB19D21-7FE3-4915-9FF4-7448795F243B}.Debug|Any CPU.ActiveCfg = Debug|Any CPU
		{2BB19D21-7FE3-4915-9FF4-7448795F243B}.Debug|Any CPU.Build.0 = Debug|Any CPU
		{2BB19D21-7FE3-4915-9FF4-7448795F243B}.Debug|x64.ActiveCfg = Debug|x64
		{2BB19D21-7FE3-4915-9FF4-7448795F243B}.Debug|x64.Build.0 = Debug|x64
		{2BB19D21-7FE3-4915-9FF4-7448795F243B}.Release|Any CPU.ActiveCfg = Release|Any CPU
		{2BB19D21-7FE3-4915-9FF4-7448795F243B}.Release|Any CPU.Build.0 = Release|Any CPU
		{2BB19D21-7FE3-4915-9FF4-7448795F243B}.Release|x64.ActiveCfg = Release|x64
		{2BB19D21-7FE3-4915-9FF4-7448795F243B}.Release|x64.Build.0 = Release|x64
		{5C967D20-00EE-4B8D-A1B2-22C42E2C51DE}.Debug|Any CPU.ActiveCfg = Debug|Any CPU
		{5C967D20-00EE-4B8D-A1B2-22C42E2C51DE}.Debug|Any CPU.Build.0 = Debug|Any CPU
		{5C967D20-00EE-4B8D-A1B2-22C42E2C51DE}.Debug|x64.ActiveCfg = Debug|Any CPU
		{5C967D20-00EE-4B8D-A1B2-22C42E2C51DE}.Debug|x64.Build.0 = Debug|Any CPU
		{5C967D20-00EE-4B8D-A1B2-22C42E2C51DE}.Release|Any CPU.ActiveCfg = Release|Any CPU
		{5C967D20-00EE-4B8D-A1B2-22C42E2C51DE}.Release|Any CPU.Build.0 = Release|Any CPU
		{5C967D20-00EE-4B8D-A1B2-22C42E2C51DE}.Release|x64.ActiveCfg = Release|Any CPU
		{5C967D20-00EE-4B8D-A1B2-22C42E2C51DE}.Release|x64.Build.0 = Release|Any CPU
		{D4166AEF-9E3E-441F-BB4E-DB47E119B4A0}.Debug|Any CPU.ActiveCfg = Debug|Any CPU
		{D4166AEF-9E3E-441F-BB4E-DB47E119B4A0}.Debug|Any CPU.Build.0 = Debug|Any CPU
		{D4166AEF-9E3E-441F-BB4E-DB47E119B4A0}.Debug|x64.ActiveCfg = Debug|x64
		{D4166AEF-9E3E-441F-BB4E-DB47E119B4A0}.Debug|x64.Build.0 = Debug|x64
		{D4166AEF-9E3E-441F-BB4E-DB47E119B4A0}.Release|Any CPU.ActiveCfg = Release|Any CPU
		{D4166AEF-9E3E-441F-BB4E-DB47E119B4A0}.Release|Any CPU.Build.0 = Release|Any CPU
		{D4166AEF-9E3E-441F-BB4E-DB47E119B4A0}.Release|x64.ActiveCfg = Release|x64
		{D4166AEF-9E3E-441F-BB4E-DB47E119B4A0}.Release|x64.Build.0 = Release|x64
	EndGlobalSection
	GlobalSection(SolutionProperties) = preSolution
		HideSolutionNode = FALSE
	EndGlobalSection
	GlobalSection(ExtensibilityGlobals) = postSolution
		SolutionGuid = {8D0684A5-B2B6-49A2-90BF-2647B91EFEBB}
	EndGlobalSection
EndGlobal
